
Microsoft Visual Studio Solution File, Format Version 12.00
# Visual Studio 15
VisualStudioVersion = 15.0.28010.0
MinimumVisualStudioVersion = 10.0.40219.1
Project("{FAE04EC0-301F-11D3-BF4B-00C04F79EFBC}") = "FralleUnity", "FralleUnity.csproj", "{574A5FE9-0BCC-4794-AEF5-763446E9F0DD}"
EndProject
Project("{FAE04EC0-301F-11D3-BF4B-00C04F79EFBC}") = "Core", "Core\Core.csproj", "{844B9809-D355-469C-9EDD-B31BB161CB50}"
EndProject
Global
	GlobalSection(SolutionConfigurationPlatforms) = preSolution
		Debug|Any CPU = Debug|Any CPU
		Release|Any CPU = Release|Any CPU
	EndGlobalSection
	GlobalSection(ProjectConfigurationPlatforms) = postSolution
		{574A5FE9-0BCC-4794-AEF5-763446E9F0DD}.Debug|Any CPU.ActiveCfg = Debug|Any CPU
		{574A5FE9-0BCC-4794-AEF5-763446E9F0DD}.Debug|Any CPU.Build.0 = Debug|Any CPU
		{574A5FE9-0BCC-4794-AEF5-763446E9F0DD}.Release|Any CPU.ActiveCfg = Release|Any CPU
		{574A5FE9-0BCC-4794-AEF5-763446E9F0DD}.Release|Any CPU.Build.0 = Release|Any CPU
		{844B9809-D355-469C-9EDD-B31BB161CB50}.Debug|Any CPU.ActiveCfg = Debug|Any CPU
		{844B9809-D355-469C-9EDD-B31BB161CB50}.Debug|Any CPU.Build.0 = Debug|Any CPU
		{844B9809-D355-469C-9EDD-B31BB161CB50}.Release|Any CPU.ActiveCfg = Release|Any CPU
		{844B9809-D355-469C-9EDD-B31BB161CB50}.Release|Any CPU.Build.0 = Release|Any CPU
	EndGlobalSection
	GlobalSection(SolutionProperties) = preSolution
		HideSolutionNode = FALSE
	EndGlobalSection
	GlobalSection(ExtensibilityGlobals) = postSolution
		SolutionGuid = {460A17BB-BD65-4048-8C26-9C2912DBCDA3}
	EndGlobalSection
EndGlobal
